
Microsoft Visual Studio Solution File, Format Version 12.00
# Visual Studio Version 16
VisualStudioVersion = 25.0.1705.4
MinimumVisualStudioVersion = 10.0.40219.1
Project("{FAE04EC0-301F-11D3-BF4B-00C04F79EFBC}") = "DroneExploracao", "DroneExploracao\DroneExploracao.csproj", "{038AC3F7-6B1C-414D-8C7B-9361DBDB10E3}"
EndProject
Global
	GlobalSection(SolutionConfigurationPlatforms) = preSolution
		Debug|Any CPU = Debug|Any CPU
		Release|Any CPU = Release|Any CPU
	EndGlobalSection
	GlobalSection(ProjectConfigurationPlatforms) = postSolution
		{038AC3F7-6B1C-414D-8C7B-9361DBDB10E3}.Debug|Any CPU.ActiveCfg = Debug|Any CPU
		{038AC3F7-6B1C-414D-8C7B-9361DBDB10E3}.Debug|Any CPU.Build.0 = Debug|Any CPU
		{038AC3F7-6B1C-414D-8C7B-9361DBDB10E3}.Release|Any CPU.ActiveCfg = Release|Any CPU
		{038AC3F7-6B1C-414D-8C7B-9361DBDB10E3}.Release|Any CPU.Build.0 = Release|Any CPU
	EndGlobalSection
	GlobalSection(SolutionProperties) = preSolution
		HideSolutionNode = FALSE
	EndGlobalSection
	GlobalSection(ExtensibilityGlobals) = postSolution
		SolutionGuid = {BD24C2AC-5843-4B03-8986-AD516BCC95F5}
	EndGlobalSection
EndGlobal
